
Microsoft Visual Studio Solution File, Format Version 12.00
# Visual Studio Version 16
VisualStudioVersion = 16.0.29806.167
MinimumVisualStudioVersion = 10.0.40219.1
Project("{FAE04EC0-301F-11D3-BF4B-00C04F79EFBC}") = "ECommerce.Website", "ECommerce.Website\ECommerce.Website.csproj", "{70986FAD-E30D-46CA-9E23-E99300580C32}"
EndProject
Project("{9A19103F-16F7-4668-BE54-9A1E7A4F7556}") = "ECommerce.Logic", "Ecommerce.Logic\ECommerce.Logic.csproj", "{7741959E-9982-4E6C-994D-1E0DA99EB9E2}"
EndProject
Global
	GlobalSection(SolutionConfigurationPlatforms) = preSolution
		Debug|Any CPU = Debug|Any CPU
		Release|Any CPU = Release|Any CPU
	EndGlobalSection
	GlobalSection(ProjectConfigurationPlatforms) = postSolution
		{70986FAD-E30D-46CA-9E23-E99300580C32}.Debug|Any CPU.ActiveCfg = Debug|Any CPU
		{70986FAD-E30D-46CA-9E23-E99300580C32}.Debug|Any CPU.Build.0 = Debug|Any CPU
		{70986FAD-E30D-46CA-9E23-E99300580C32}.Release|Any CPU.ActiveCfg = Release|Any CPU
		{70986FAD-E30D-46CA-9E23-E99300580C32}.Release|Any CPU.Build.0 = Release|Any CPU
		{7741959E-9982-4E6C-994D-1E0DA99EB9E2}.Debug|Any CPU.ActiveCfg = Debug|Any CPU
		{7741959E-9982-4E6C-994D-1E0DA99EB9E2}.Debug|Any CPU.Build.0 = Debug|Any CPU
		{7741959E-9982-4E6C-994D-1E0DA99EB9E2}.Release|Any CPU.ActiveCfg = Release|Any CPU
		{7741959E-9982-4E6C-994D-1E0DA99EB9E2}.Release|Any CPU.Build.0 = Release|Any CPU
	EndGlobalSection
	GlobalSection(SolutionProperties) = preSolution
		HideSolutionNode = FALSE
	EndGlobalSection
	GlobalSection(ExtensibilityGlobals) = postSolution
		SolutionGuid = {D20D21D4-22E2-4E8C-AB4B-846B80908FCD}
	EndGlobalSection
EndGlobal
